# This file is autogenerated, do not edit; changes may be undone by the next 'dep ensure'.


[[projects]]
  digest = "1:d92a0c10fb57de8742c33500c2fd96bd202fcafd14cb247d5185578f86b276fb"
  name = "github.com/aws/aws-lambda-go"
  packages = [
    "lambda",
    "lambda/handlertrace",
    "lambda/messages",
    "lambdacontext",
  ]
  pruneopts = "UT"
  revision = "18b606949c45bc923e421d7ea891d6d02a34f7dd"
  version = "v1.16.0"

[[projects]]
  digest = "1:b60bff25bc6f57cd94f72d91de2f35c3fcbb57b61e7b8af74998ee2b0bdb7b4f"
  name = "github.com/tcnksm/go-httpstat"
  packages = ["."]
  pruneopts = "UT"
  revision = "e866bb2744199f5421f2d795b09dc184aac7adcc"

[solve-meta]
  analyzer-name = "dep"
  analyzer-version = 1
  input-imports = [
    "github.com/aws/aws-lambda-go/lambda",
    "github.com/tcnksm/go-httpstat",
  ]
  solver-name = "gps-cdcl"
  solver-version = 1
